
Microsoft Visual Studio Solution File, Format Version 12.00
# Visual Studio Version 17
VisualStudioVersion = 17.9.34622.214
MinimumVisualStudioVersion = 10.0.40219.1
Project("{FAE04EC0-301F-11D3-BF4B-00C04F79EFBC}") = "PRELIM_A2_BSIT31A1_RYDNER_OBEAL", "PRELIM_A2_BSIT31A1_RYDNER_OBEAL\PRELIM_A2_BSIT31A1_RYDNER_OBEAL.csproj", "{44D2E769-0660-4925-8A79-42F8DE4E5914}"
EndProject
Global
	GlobalSection(SolutionConfigurationPlatforms) = preSolution
		Debug|Any CPU = Debug|Any CPU
		Release|Any CPU = Release|Any CPU
	EndGlobalSection
	GlobalSection(ProjectConfigurationPlatforms) = postSolution
		{44D2E769-0660-4925-8A79-42F8DE4E5914}.Debug|Any CPU.ActiveCfg = Debug|Any CPU
		{44D2E769-0660-4925-8A79-42F8DE4E5914}.Debug|Any CPU.Build.0 = Debug|Any CPU
		{44D2E769-0660-4925-8A79-42F8DE4E5914}.Release|Any CPU.ActiveCfg = Release|Any CPU
		{44D2E769-0660-4925-8A79-42F8DE4E5914}.Release|Any CPU.Build.0 = Release|Any CPU
	EndGlobalSection
	GlobalSection(SolutionProperties) = preSolution
		HideSolutionNode = FALSE
	EndGlobalSection
	GlobalSection(ExtensibilityGlobals) = postSolution
		SolutionGuid = {F9AD2DA2-52F0-49DF-B5CC-FA2E73E7909F}
	EndGlobalSection
EndGlobal
